<?xml version="1.0" encoding="UTF-8"?>
<Scheme
   LastUpgradeVersion = "0510"
   version = "1.3">
   <BuildAction
      parallelizeBuildables = "YES"
      buildImplicitDependencies = "YES">
      <BuildActionEntries>
         <BuildActionEntry
            buildForTesting = "YES"
            buildForRunning = "YES"
            buildForProfiling = "YES"
            buildForArchiving = "YES"
            buildForAnalyzing = "YES">
            <BuildableReference
               BuildableIdentifier = "primary"
               BlueprintIdentifier = "870D355222B1C12700432A8F"
               BuildableName = "macOS Catalina Patcher.app"
               BlueprintName = "macOS Catalina Patcher"
               ReferencedContainer = "container:macOS Catalina Patcher.xcodeproj">
            </BuildableReference>
         </BuildActionEntry>
      </BuildActionEntries>
   </BuildAction>
   <TestAction
      selectedDebuggerIdentifier = "Xcode.DebuggerFoundation.Debugger.LLDB"
      selectedLauncherIdentifier = "Xcode.DebuggerFoundation.Launcher.LLDB"
      shouldUseLaunchSchemeArgsEnv = "YES"
      buildConfiguration = "Debug">
      <Testables>
         <TestableReference
            skipped = "NO">
            <BuildableReference
               BuildableIdentifier = "primary"
               BlueprintIdentifier = "870D357322B1C12800432A8F"
               BuildableName = "macOS Catalina PatcherTests.xctest"
               BlueprintName = "macOS Catalina PatcherTests"
               ReferencedContainer = "container:macOS Catalina Patcher.xcodeproj">
            </BuildableReference>
         </TestableReference>
         <TestableReference
            skipped = "NO">
            <BuildableReference
               BuildableIdentifier = "primary"
               BlueprintIdentifier = "8791861622B5FE66004A6E35"
               BuildableName = "macOS Catalina PartialPatcherTests.xctest"
               BlueprintName = "macOS Catalina PartialPatcherTests"
               ReferencedContainer = "container:macOS Catalina Patcher.xcodeproj">
            </BuildableReference>
         </TestableReference>
         <TestableReference
            skipped = "NO">
            <BuildableReference
               BuildableIdentifier = "primary"
               BlueprintIdentifier = "87759D9122BD3C31009F9834"
               BuildableName = "macOS Post InstallTests.xctest"
               BlueprintName = "macOS Post InstallTests"
               ReferencedContainer = "container:macOS Catalina Patcher.xcodeproj">
            </BuildableReference>
         </TestableReference>
         <TestableReference
            skipped = "NO">
            <BuildableReference
               BuildableIdentifier = "primary"
               BlueprintIdentifier = "87AADBC322D045B2007AB927"
               BuildableName = "Patch UpdaterTests.xctest"
               BlueprintName = "Patch UpdaterTests"
               ReferencedContainer = "container:macOS Catalina Patcher.xcodeproj">
            </BuildableReference>
         </TestableReference>
         <TestableReference
            skipped = "NO">
            <BuildableReference
               BuildableIdentifier = "primary"
               BlueprintIdentifier = "87B545B22448DE74008C608D"
               BuildableName = "APFSFirmwareVerificationTests.xctest"
               BlueprintName = "APFSFirmwareVerificationTests"
               ReferencedContainer = "container:macOS Catalina Patcher.xcodeproj">
            </BuildableReference>
         </TestableReference>
      </Testables>
      <MacroExpansion>
         <BuildableReference
            BuildableIdentifier = "primary"
            BlueprintIdentifier = "870D355222B1C12700432A8F"
            BuildableName = "macOS Catalina Patcher.app"
            BlueprintName = "macOS Catalina Patcher"
            ReferencedContainer = "container:macOS Catalina Patcher.xcodeproj">
         </BuildableReference>
      </MacroExpansion>
   </TestAction>
   <LaunchAction
      selectedDebuggerIdentifier = "Xcode.DebuggerFoundation.Debugger.LLDB"
      selectedLauncherIdentifier = "Xcode.DebuggerFoundation.Launcher.LLDB"
      launchStyle = "0"
      useCustomWorkingDirectory = "NO"
      buildConfiguration = "Debug"
      ignoresPersistentStateOnLaunch = "NO"
      debugDocumentVersioning = "YES"
      allowLocationSimulation = "YES">
      <BuildableProductRunnable>
         <BuildableReference
            BuildableIdentifier = "primary"
            BlueprintIdentifier = "870D355222B1C12700432A8F"
            BuildableName = "macOS Catalina Patcher.app"
            BlueprintName = "macOS Catalina Patcher"
            ReferencedContainer = "container:macOS Catalina Patcher.xcodeproj">
         </BuildableReference>
      </BuildableProductRunnable>
      <AdditionalOptions>
      </AdditionalOptions>
   </LaunchAction>
   <ProfileAction
      shouldUseLaunchSchemeArgsEnv = "YES"
      savedToolIdentifier = ""
      useCustomWorkingDirectory = "NO"
      buildConfiguration = "Release"
      debugDocumentVersioning = "YES">
      <BuildableProductRunnable>
         <BuildableReference
            BuildableIdentifier = "primary"
            BlueprintIdentifier = "870D355222B1C12700432A8F"
            BuildableName = "macOS Catalina Patcher.app"
            BlueprintName = "macOS Catalina Patcher"
            ReferencedContainer = "container:macOS Catalina Patcher.xcodeproj">
         </BuildableReference>
      </BuildableProductRunnable>
   </ProfileAction>
   <AnalyzeAction
      buildConfiguration = "Debug">
   </AnalyzeAction>
   <ArchiveAction
      buildConfiguration = "Release"
      revealArchiveInOrganizer = "YES">
   </ArchiveAction>
</Scheme>
